
Microsoft Visual Studio Solution File, Format Version 12.00
Project("{FAE04EC0-301F-11D3-BF4B-00C04F79EFBC}") = "ElasticBlobBug", "ElasticBlobBug\ElasticBlobBug.csproj", "{8BA550E7-4C95-47FA-A49E-226122263A74}"
EndProject
Global
	GlobalSection(SolutionConfigurationPlatforms) = preSolution
		Debug|Any CPU = Debug|Any CPU
		Release|Any CPU = Release|Any CPU
	EndGlobalSection
	GlobalSection(ProjectConfigurationPlatforms) = postSolution
		{8BA550E7-4C95-47FA-A49E-226122263A74}.Debug|Any CPU.ActiveCfg = Debug|Any CPU
		{8BA550E7-4C95-47FA-A49E-226122263A74}.Debug|Any CPU.Build.0 = Debug|Any CPU
		{8BA550E7-4C95-47FA-A49E-226122263A74}.Release|Any CPU.ActiveCfg = Release|Any CPU
		{8BA550E7-4C95-47FA-A49E-226122263A74}.Release|Any CPU.Build.0 = Release|Any CPU
	EndGlobalSection
EndGlobal
